
Microsoft Visual Studio Solution File, Format Version 12.00
# Visual Studio Version 16
VisualStudioVersion = 16.0.29709.97
MinimumVisualStudioVersion = 10.0.40219.1
Project("{FAE04EC0-301F-11D3-BF4B-00C04F79EFBC}") = "ConsoleApp1", "ConsoleApp1.csproj", "{7B582BE8-59F2-49B3-AC97-AFC8E32EF9CB}"
EndProject
Global
	GlobalSection(SolutionConfigurationPlatforms) = preSolution
		Debug|Any CPU = Debug|Any CPU
		Release|Any CPU = Release|Any CPU
	EndGlobalSection
	GlobalSection(ProjectConfigurationPlatforms) = postSolution
		{7B582BE8-59F2-49B3-AC97-AFC8E32EF9CB}.Debug|Any CPU.ActiveCfg = Debug|Any CPU
		{7B582BE8-59F2-49B3-AC97-AFC8E32EF9CB}.Debug|Any CPU.Build.0 = Debug|Any CPU
		{7B582BE8-59F2-49B3-AC97-AFC8E32EF9CB}.Release|Any CPU.ActiveCfg = Release|Any CPU
		{7B582BE8-59F2-49B3-AC97-AFC8E32EF9CB}.Release|Any CPU.Build.0 = Release|Any CPU
	EndGlobalSection
	GlobalSection(SolutionProperties) = preSolution
		HideSolutionNode = FALSE
	EndGlobalSection
	GlobalSection(ExtensibilityGlobals) = postSolution
		SolutionGuid = {7CC2996A-2AAD-4090-A6BE-CB064E717E3A}
	EndGlobalSection
EndGlobal
